
Microsoft Visual Studio Solution File, Format Version 12.00
# Visual Studio Version 17
VisualStudioVersion = 17.0.32014.148
MinimumVisualStudioVersion = 10.0.40219.1
Project("{9A19103F-16F7-4668-BE54-9A1E7A4F7556}") = "Orizon.Rest.Chat.API", "ProjectTemplate.API\Orizon.Rest.Chat.API.csproj", "{F66B44AB-12B0-4712-A07E-6B045DBC4AF0}"
EndProject
Project("{9A19103F-16F7-4668-BE54-9A1E7A4F7556}") = "Orizon.Rest.Chat.Infra.Data", "ProjectTemplate.Infra.Data\Orizon.Rest.Chat.Infra.Data.csproj", "{96213B58-40D2-4B7D-AAB7-0DC0743E6253}"
EndProject
Project("{9A19103F-16F7-4668-BE54-9A1E7A4F7556}") = "Orizon.Rest.Chat.Infra.IoC", "ProjectTemplate.Infra.IoC\Orizon.Rest.Chat.Infra.IoC.csproj", "{FEE5C108-A902-4790-8FB8-709AE47F49F4}"
EndProject
Project("{9A19103F-16F7-4668-BE54-9A1E7A4F7556}") = "Orizon.Rest.Chat.Application", "ProjectTemplate.Application\Orizon.Rest.Chat.Application.csproj", "{C7EFF61C-61BE-40D7-BA08-B752F6C33659}"
EndProject
Project("{9A19103F-16F7-4668-BE54-9A1E7A4F7556}") = "Orizon.Rest.Chat.Domain", "ProjectTemplate.Domain\Orizon.Rest.Chat.Domain.csproj", "{FDCF7C05-E90A-45AB-879E-B2A2C0C58028}"
EndProject
Project("{9A19103F-16F7-4668-BE54-9A1E7A4F7556}") = "Orizon.Rest.Chat.Utilities", "Utilities\Orizon.Rest.Chat.Utilities.csproj", "{4052568A-E387-46BF-A453-7DCF92CA46E0}"
EndProject
Project("{9A19103F-16F7-4668-BE54-9A1E7A4F7556}") = "Orizon.Rest.Chat.Tests", "..\test\Orizon.Rest.Chat.Tests.csproj", "{B127197C-5742-40A1-ADF5-5C1925828610}"
EndProject
Global
	GlobalSection(SolutionConfigurationPlatforms) = preSolution
		Debug|Any CPU = Debug|Any CPU
		Release|Any CPU = Release|Any CPU
	EndGlobalSection
	GlobalSection(ProjectConfigurationPlatforms) = postSolution
		{F66B44AB-12B0-4712-A07E-6B045DBC4AF0}.Debug|Any CPU.ActiveCfg = Debug|Any CPU
		{F66B44AB-12B0-4712-A07E-6B045DBC4AF0}.Debug|Any CPU.Build.0 = Debug|Any CPU
		{F66B44AB-12B0-4712-A07E-6B045DBC4AF0}.Release|Any CPU.ActiveCfg = Release|Any CPU
		{F66B44AB-12B0-4712-A07E-6B045DBC4AF0}.Release|Any CPU.Build.0 = Release|Any CPU
		{96213B58-40D2-4B7D-AAB7-0DC0743E6253}.Debug|Any CPU.ActiveCfg = Debug|Any CPU
		{96213B58-40D2-4B7D-AAB7-0DC0743E6253}.Debug|Any CPU.Build.0 = Debug|Any CPU
		{96213B58-40D2-4B7D-AAB7-0DC0743E6253}.Release|Any CPU.ActiveCfg = Release|Any CPU
		{96213B58-40D2-4B7D-AAB7-0DC0743E6253}.Release|Any CPU.Build.0 = Release|Any CPU
		{FEE5C108-A902-4790-8FB8-709AE47F49F4}.Debug|Any CPU.ActiveCfg = Debug|Any CPU
		{FEE5C108-A902-4790-8FB8-709AE47F49F4}.Debug|Any CPU.Build.0 = Debug|Any CPU
		{FEE5C108-A902-4790-8FB8-709AE47F49F4}.Release|Any CPU.ActiveCfg = Release|Any CPU
		{FEE5C108-A902-4790-8FB8-709AE47F49F4}.Release|Any CPU.Build.0 = Release|Any CPU
		{C7EFF61C-61BE-40D7-BA08-B752F6C33659}.Debug|Any CPU.ActiveCfg = Debug|Any CPU
		{C7EFF61C-61BE-40D7-BA08-B752F6C33659}.Debug|Any CPU.Build.0 = Debug|Any CPU
		{C7EFF61C-61BE-40D7-BA08-B752F6C33659}.Release|Any CPU.ActiveCfg = Release|Any CPU
		{C7EFF61C-61BE-40D7-BA08-B752F6C33659}.Release|Any CPU.Build.0 = Release|Any CPU
		{FDCF7C05-E90A-45AB-879E-B2A2C0C58028}.Debug|Any CPU.ActiveCfg = Debug|Any CPU
		{FDCF7C05-E90A-45AB-879E-B2A2C0C58028}.Debug|Any CPU.Build.0 = Debug|Any CPU
		{FDCF7C05-E90A-45AB-879E-B2A2C0C58028}.Release|Any CPU.ActiveCfg = Release|Any CPU
		{FDCF7C05-E90A-45AB-879E-B2A2C0C58028}.Release|Any CPU.Build.0 = Release|Any CPU
		{4052568A-E387-46BF-A453-7DCF92CA46E0}.Debug|Any CPU.ActiveCfg = Debug|Any CPU
		{4052568A-E387-46BF-A453-7DCF92CA46E0}.Debug|Any CPU.Build.0 = Debug|Any CPU
		{4052568A-E387-46BF-A453-7DCF92CA46E0}.Release|Any CPU.ActiveCfg = Release|Any CPU
		{4052568A-E387-46BF-A453-7DCF92CA46E0}.Release|Any CPU.Build.0 = Release|Any CPU
		{B127197C-5742-40A1-ADF5-5C1925828610}.Debug|Any CPU.ActiveCfg = Debug|Any CPU
		{B127197C-5742-40A1-ADF5-5C1925828610}.Debug|Any CPU.Build.0 = Debug|Any CPU
		{B127197C-5742-40A1-ADF5-5C1925828610}.Release|Any CPU.ActiveCfg = Release|Any CPU
		{B127197C-5742-40A1-ADF5-5C1925828610}.Release|Any CPU.Build.0 = Release|Any CPU
	EndGlobalSection
	GlobalSection(SolutionProperties) = preSolution
		HideSolutionNode = FALSE
	EndGlobalSection
	GlobalSection(ExtensibilityGlobals) = postSolution
		SolutionGuid = {60A722B9-EE76-4BBF-9F13-354287CE936D}
	EndGlobalSection
EndGlobal
